
Microsoft Visual Studio Solution File, Format Version 12.00
# Visual Studio 15
VisualStudioVersion = 15.0.27004.2002
MinimumVisualStudioVersion = 10.0.40219.1
Project("{8BC9CEB8-8B4A-11D0-8D11-00A0C91BC942}") = "p118 实验3：实现环形队列的各种基本运算的算法", "p118 实验3：实现环形队列的各种基本运算的算法\p118 实验3：实现环形队列的各种基本运算的算法.vcxproj", "{8982A415-484C-459E-9A48-25A61D73553E}"
EndProject
Global
	GlobalSection(SolutionConfigurationPlatforms) = preSolution
		Debug|x64 = Debug|x64
		Debug|x86 = Debug|x86
		Release|x64 = Release|x64
		Release|x86 = Release|x86
	EndGlobalSection
	GlobalSection(ProjectConfigurationPlatforms) = postSolution
		{8982A415-484C-459E-9A48-25A61D73553E}.Debug|x64.ActiveCfg = Debug|x64
		{8982A415-484C-459E-9A48-25A61D73553E}.Debug|x64.Build.0 = Debug|x64
		{8982A415-484C-459E-9A48-25A61D73553E}.Debug|x86.ActiveCfg = Debug|Win32
		{8982A415-484C-459E-9A48-25A61D73553E}.Debug|x86.Build.0 = Debug|Win32
		{8982A415-484C-459E-9A48-25A61D73553E}.Release|x64.ActiveCfg = Release|x64
		{8982A415-484C-459E-9A48-25A61D73553E}.Release|x64.Build.0 = Release|x64
		{8982A415-484C-459E-9A48-25A61D73553E}.Release|x86.ActiveCfg = Release|Win32
		{8982A415-484C-459E-9A48-25A61D73553E}.Release|x86.Build.0 = Release|Win32
	EndGlobalSection
	GlobalSection(SolutionProperties) = preSolution
		HideSolutionNode = FALSE
	EndGlobalSection
	GlobalSection(ExtensibilityGlobals) = postSolution
		SolutionGuid = {A78561C8-B8E3-46EA-BCC5-128375BA5067}
	EndGlobalSection
EndGlobal
